
Microsoft Visual Studio Solution File, Format Version 12.00
# Visual Studio 15
VisualStudioVersion = 15.0.28307.489
MinimumVisualStudioVersion = 10.0.40219.1
Project("{FAE04EC0-301F-11D3-BF4B-00C04F79EFBC}") = "Employee.DB", "Employee.DB\Employee.DB.csproj", "{90EDC4C3-B82D-4E2B-9F42-008B85668734}"
EndProject
Project("{FAE04EC0-301F-11D3-BF4B-00C04F79EFBC}") = "Employee.Model", "Employee.Model\Employee.Model.csproj", "{344890CF-212F-445D-AEFA-CCCFDA1CEAF4}"
EndProject
Project("{FAE04EC0-301F-11D3-BF4B-00C04F79EFBC}") = "Employee.MVC", "Employee.MVC\Employee.MVC.csproj", "{CB558E58-DF5D-4136-A22B-8C1933CC7AE2}"
EndProject
Global
	GlobalSection(SolutionConfigurationPlatforms) = preSolution
		Debug|Any CPU = Debug|Any CPU
		Release|Any CPU = Release|Any CPU
	EndGlobalSection
	GlobalSection(ProjectConfigurationPlatforms) = postSolution
		{90EDC4C3-B82D-4E2B-9F42-008B85668734}.Debug|Any CPU.ActiveCfg = Debug|Any CPU
		{90EDC4C3-B82D-4E2B-9F42-008B85668734}.Debug|Any CPU.Build.0 = Debug|Any CPU
		{90EDC4C3-B82D-4E2B-9F42-008B85668734}.Release|Any CPU.ActiveCfg = Release|Any CPU
		{90EDC4C3-B82D-4E2B-9F42-008B85668734}.Release|Any CPU.Build.0 = Release|Any CPU
		{344890CF-212F-445D-AEFA-CCCFDA1CEAF4}.Debug|Any CPU.ActiveCfg = Debug|Any CPU
		{344890CF-212F-445D-AEFA-CCCFDA1CEAF4}.Debug|Any CPU.Build.0 = Debug|Any CPU
		{344890CF-212F-445D-AEFA-CCCFDA1CEAF4}.Release|Any CPU.ActiveCfg = Release|Any CPU
		{344890CF-212F-445D-AEFA-CCCFDA1CEAF4}.Release|Any CPU.Build.0 = Release|Any CPU
		{CB558E58-DF5D-4136-A22B-8C1933CC7AE2}.Debug|Any CPU.ActiveCfg = Debug|Any CPU
		{CB558E58-DF5D-4136-A22B-8C1933CC7AE2}.Debug|Any CPU.Build.0 = Debug|Any CPU
		{CB558E58-DF5D-4136-A22B-8C1933CC7AE2}.Release|Any CPU.ActiveCfg = Release|Any CPU
		{CB558E58-DF5D-4136-A22B-8C1933CC7AE2}.Release|Any CPU.Build.0 = Release|Any CPU
	EndGlobalSection
	GlobalSection(SolutionProperties) = preSolution
		HideSolutionNode = FALSE
	EndGlobalSection
	GlobalSection(ExtensibilityGlobals) = postSolution
		SolutionGuid = {111170A4-06BF-47A3-8759-7C6945224D8D}
	EndGlobalSection
EndGlobal
